
Microsoft Visual Studio Solution File, Format Version 12.00
# Visual Studio Version 17
VisualStudioVersion = 17.11.35327.3
MinimumVisualStudioVersion = 10.0.40219.1
Project("{FAE04EC0-301F-11D3-BF4B-00C04F79EFBC}") = "Abaya", "Abaya\Abaya.csproj", "{987CE3F7-513B-46EA-A316-3264D0F69603}"
EndProject
Global
	GlobalSection(SolutionConfigurationPlatforms) = preSolution
		Debug|Any CPU = Debug|Any CPU
		Release|Any CPU = Release|Any CPU
	EndGlobalSection
	GlobalSection(ProjectConfigurationPlatforms) = postSolution
		{987CE3F7-513B-46EA-A316-3264D0F69603}.Debug|Any CPU.ActiveCfg = Debug|Any CPU
		{987CE3F7-513B-46EA-A316-3264D0F69603}.Debug|Any CPU.Build.0 = Debug|Any CPU
		{987CE3F7-513B-46EA-A316-3264D0F69603}.Release|Any CPU.ActiveCfg = Release|Any CPU
		{987CE3F7-513B-46EA-A316-3264D0F69603}.Release|Any CPU.Build.0 = Release|Any CPU
	EndGlobalSection
	GlobalSection(SolutionProperties) = preSolution
		HideSolutionNode = FALSE
	EndGlobalSection
	GlobalSection(ExtensibilityGlobals) = postSolution
		SolutionGuid = {A9FFD4FC-BE49-4744-A6EB-76E200393FF7}
	EndGlobalSection
EndGlobal
